<Solution>
  <Folder Name="/Solution Items/">
    <File Path=".gitignore" />
    <File Path="README.md" />
  </Folder>
  <Project Path="Core.UnitTest\Core.UnitTest.csproj" Type="Classic C#" />
  <Project Path="Core\Core.csproj" Type="Classic C#" />
  <Project Path="Solutions.UnitTest\Solutions.UnitTest.csproj" Type="Classic C#" />
  <Project Path="Solutions\Solutions.csproj" Type="Classic C#" />
</Solution>